
Microsoft Visual Studio Solution File, Format Version 12.00
# Visual Studio 15
VisualStudioVersion = 15.0.28307.1082
MinimumVisualStudioVersion = 10.0.40219.1
Project("{FAE04EC0-301F-11D3-BF4B-00C04F79EFBC}") = "Service Layer Transaction", "Service Layer Transaction\Service Layer Transaction.csproj", "{B99C0C72-18F2-4F40-A610-FF616914D3F8}"
EndProject
Project("{FAE04EC0-301F-11D3-BF4B-00C04F79EFBC}") = "Data Layer Transaction", "Data Layer Transaction\Data Layer Transaction.csproj", "{88799074-707C-446E-B600-5FF0D77AE399}"
EndProject
Project("{FAE04EC0-301F-11D3-BF4B-00C04F79EFBC}") = "Transaction Project", "Transaction Project\Transaction Project.csproj", "{105B8457-21EC-436F-A126-172EC74CC7AE}"
EndProject
Global
	GlobalSection(SolutionConfigurationPlatforms) = preSolution
		Debug|Any CPU = Debug|Any CPU
		Release|Any CPU = Release|Any CPU
	EndGlobalSection
	GlobalSection(ProjectConfigurationPlatforms) = postSolution
		{B99C0C72-18F2-4F40-A610-FF616914D3F8}.Debug|Any CPU.ActiveCfg = Debug|Any CPU
		{B99C0C72-18F2-4F40-A610-FF616914D3F8}.Debug|Any CPU.Build.0 = Debug|Any CPU
		{B99C0C72-18F2-4F40-A610-FF616914D3F8}.Release|Any CPU.ActiveCfg = Release|Any CPU
		{B99C0C72-18F2-4F40-A610-FF616914D3F8}.Release|Any CPU.Build.0 = Release|Any CPU
		{88799074-707C-446E-B600-5FF0D77AE399}.Debug|Any CPU.ActiveCfg = Debug|Any CPU
		{88799074-707C-446E-B600-5FF0D77AE399}.Debug|Any CPU.Build.0 = Debug|Any CPU
		{88799074-707C-446E-B600-5FF0D77AE399}.Release|Any CPU.ActiveCfg = Release|Any CPU
		{88799074-707C-446E-B600-5FF0D77AE399}.Release|Any CPU.Build.0 = Release|Any CPU
		{105B8457-21EC-436F-A126-172EC74CC7AE}.Debug|Any CPU.ActiveCfg = Debug|Any CPU
		{105B8457-21EC-436F-A126-172EC74CC7AE}.Debug|Any CPU.Build.0 = Debug|Any CPU
		{105B8457-21EC-436F-A126-172EC74CC7AE}.Release|Any CPU.ActiveCfg = Release|Any CPU
		{105B8457-21EC-436F-A126-172EC74CC7AE}.Release|Any CPU.Build.0 = Release|Any CPU
	EndGlobalSection
	GlobalSection(SolutionProperties) = preSolution
		HideSolutionNode = FALSE
	EndGlobalSection
	GlobalSection(ExtensibilityGlobals) = postSolution
		SolutionGuid = {93DC9378-4B42-4CF2-801D-4AA5346BFC4F}
	EndGlobalSection
EndGlobal
